
Microsoft Visual Studio Solution File, Format Version 12.00
# Visual Studio Version 17
VisualStudioVersion = 17.8.34309.116
MinimumVisualStudioVersion = 10.0.40219.1
Project("{9A19103F-16F7-4668-BE54-9A1E7A4F7556}") = "Project_GG", "Project_00\Project_GG.csproj", "{6670A900-41DF-48C5-A85A-AE7F587155CC}"
EndProject
Global
	GlobalSection(SolutionConfigurationPlatforms) = preSolution
		Debug|Any CPU = Debug|Any CPU
		Release|Any CPU = Release|Any CPU
	EndGlobalSection
	GlobalSection(ProjectConfigurationPlatforms) = postSolution
		{6670A900-41DF-48C5-A85A-AE7F587155CC}.Debug|Any CPU.ActiveCfg = Debug|Any CPU
		{6670A900-41DF-48C5-A85A-AE7F587155CC}.Debug|Any CPU.Build.0 = Debug|Any CPU
		{6670A900-41DF-48C5-A85A-AE7F587155CC}.Release|Any CPU.ActiveCfg = Release|Any CPU
		{6670A900-41DF-48C5-A85A-AE7F587155CC}.Release|Any CPU.Build.0 = Release|Any CPU
	EndGlobalSection
	GlobalSection(SolutionProperties) = preSolution
		HideSolutionNode = FALSE
	EndGlobalSection
	GlobalSection(ExtensibilityGlobals) = postSolution
		SolutionGuid = {5AC1B9F9-BC6D-4F07-A78C-A6E121D7BB8D}
	EndGlobalSection
EndGlobal
